Microsoft Visual Studio Solution File, Format Version 12.00
# Visual Studio 15
VisualStudioVersion = 15.0.27428.2011
MinimumVisualStudioVersion = 10.0.40219.1
Project("{8BC9CEB8-8B4A-11D0-8D11-00A0C91BC942}") = "Half", "Half\Half.vcxproj", "{8BE1AB30-58D6-4B96-849B-FB284FC3D80E}"
EndProject
Project("{8BC9CEB8-8B4A-11D0-8D11-00A0C91BC942}") = "HalfTest", "HalfTest\HalfTest.vcxproj", "{A07E74BC-0B3A-4314-BB11-356D4B1FA96D}"
	ProjectSection(ProjectDependencies) = postProject
		{8BE1AB30-58D6-4B96-849B-FB284FC3D80E} = {8BE1AB30-58D6-4B96-849B-FB284FC3D80E}
	EndProjectSection
EndProject
Project("{8BC9CEB8-8B4A-11D0-8D11-00A0C91BC942}") = "Iex", "Iex\Iex.vcxproj", "{7DA8862D-688E-42CA-84C8-2853EC11F66E}"
EndProject
Project("{8BC9CEB8-8B4A-11D0-8D11-00A0C91BC942}") = "IexMath", "IexMath\IexMath.vcxproj", "{D0FC3B25-28AF-453B-920A-CE3204CC6240}"
	ProjectSection(ProjectDependencies) = postProject
		{7DA8862D-688E-42CA-84C8-2853EC11F66E} = {7DA8862D-688E-42CA-84C8-2853EC11F66E}
	EndProjectSection
EndProject
Project("{8BC9CEB8-8B4A-11D0-8D11-00A0C91BC942}") = "IexTest", "IexTest\IexTest.vcxproj", "{6505910E-9F0B-4F6C-9C47-366C9585D402}"
	ProjectSection(ProjectDependencies) = postProject
		{7DA8862D-688E-42CA-84C8-2853EC11F66E} = {7DA8862D-688E-42CA-84C8-2853EC11F66E}
	EndProjectSection
EndProject
Project("{8BC9CEB8-8B4A-11D0-8D11-00A0C91BC942}") = "IlmThread", "IlmThread\IlmThread.vcxproj", "{3C6E0E55-5BFF-44B4-8515-1B7C17C5B0DC}"
	ProjectSection(ProjectDependencies) = postProject
		{7DA8862D-688E-42CA-84C8-2853EC11F66E} = {7DA8862D-688E-42CA-84C8-2853EC11F66E}
	EndProjectSection
EndProject
Project("{8BC9CEB8-8B4A-11D0-8D11-00A0C91BC942}") = "Imath", "Imath\Imath.vcxproj", "{47116695-52D7-4374-B165-99BB2EAB7960}"
	ProjectSection(ProjectDependencies) = postProject
		{7DA8862D-688E-42CA-84C8-2853EC11F66E} = {7DA8862D-688E-42CA-84C8-2853EC11F66E}
	EndProjectSection
EndProject
Project("{8BC9CEB8-8B4A-11D0-8D11-00A0C91BC942}") = "ImathTest", "ImathTest\ImathTest.vcxproj", "{9694017D-F59A-4C72-B73F-A93F1367916B}"
	ProjectSection(ProjectDependencies) = postProject
		{7DA8862D-688E-42CA-84C8-2853EC11F66E} = {7DA8862D-688E-42CA-84C8-2853EC11F66E}
		{47116695-52D7-4374-B165-99BB2EAB7960} = {47116695-52D7-4374-B165-99BB2EAB7960}
	EndProjectSection
EndProject
Project("{8BC9CEB8-8B4A-11D0-8D11-00A0C91BC942}") = "eLut", "Half\eLut.vcxproj", "{B4958D26-945D-401F-AC61-DEE9DA1A6DAE}"
EndProject
Project("{8BC9CEB8-8B4A-11D0-8D11-00A0C91BC942}") = "toFloat", "Half\toFloat.vcxproj", "{12CFD6AD-8D96-4BE5-ABCD-0A22F4940B00}"
EndProject
Global
	GlobalSection(SolutionConfigurationPlatforms) = preSolution
		Debug|Win32 = Debug|Win32
		Debug|x64 = Debug|x64
		Release|Win32 = Release|Win32
		Release|x64 = Release|x64
		vs2010_Debug|Win32 = vs2010_Debug|Win32
		vs2010_Debug|x64 = vs2010_Debug|x64
		vs2010_Release|Win32 = vs2010_Release|Win32
		vs2010_Release|x64 = vs2010_Release|x64
		vs2012_Debug|Win32 = vs2012_Debug|Win32
		vs2012_Debug|x64 = vs2012_Debug|x64
		vs2012_Release|Win32 = vs2012_Release|Win32
		vs2012_Release|x64 = vs2012_Release|x64
		vs2015_Debug|Win32 = vs2015_Debug|Win32
		vs2015_Debug|x64 = vs2015_Debug|x64
		vs2015_Release|Win32 = vs2015_Release|Win32
		vs2015_Release|x64 = vs2015_Release|x64
		vs2017_Debug|Win32 = vs2017_Debug|Win32
		vs2017_Debug|x64 = vs2017_Debug|x64
		vs2017_Release|Win32 = vs2017_Release|Win32
		vs2017_Release|x64 = vs2017_Release|x64
	EndGlobalSection
	GlobalSection(ProjectConfigurationPlatforms) = postSolution
		{8BE1AB30-58D6-4B96-849B-FB284FC3D80E}.Debug|Win32.ActiveCfg = Debug|Win32
		{8BE1AB30-58D6-4B96-849B-FB284FC3D80E}.Debug|Win32.Build.0 = Debug|Win32
		{8BE1AB30-58D6-4B96-849B-FB284FC3D80E}.Debug|x64.ActiveCfg = Debug|x64
		{8BE1AB30-58D6-4B96-849B-FB284FC3D80E}.Debug|x64.Build.0 = Debug|x64
		{8BE1AB30-58D6-4B96-849B-FB284FC3D80E}.Release|Win32.ActiveCfg = Release|Win32
		{8BE1AB30-58D6-4B96-849B-FB284FC3D80E}.Release|Win32.Build.0 = Release|Win32
		{8BE1AB30-58D6-4B96-849B-FB284FC3D80E}.Release|x64.ActiveCfg = Release|x64
		{8BE1AB30-58D6-4B96-849B-FB284FC3D80E}.Release|x64.Build.0 = Release|x64
		{8BE1AB30-58D6-4B96-849B-FB284FC3D80E}.vs2010_Debug|Win32.ActiveCfg = vs2010_Debug|Win32
		{8BE1AB30-58D6-4B96-849B-FB284FC3D80E}.vs2010_Debug|Win32.Build.0 = vs2010_Debug|Win32
		{8BE1AB30-58D6-4B96-849B-FB284FC3D80E}.vs2010_Debug|x64.ActiveCfg = vs2010_Debug|x64
		{8BE1AB30-58D6-4B96-849B-FB284FC3D80E}.vs2010_Debug|x64.Build.0 = vs2010_Debug|x64
		{8BE1AB30-58D6-4B96-849B-FB284FC3D80E}.vs2010_Release|Win32.ActiveCfg = vs2010_Release|Win32
		{8BE1AB30-58D6-4B96-849B-FB284FC3D80E}.vs2010_Release|Win32.Build.0 = vs2010_Release|Win32
		{8BE1AB30-58D6-4B96-849B-FB284FC3D80E}.vs2010_Release|x64.ActiveCfg = vs2010_Release|x64
		{8BE1AB30-58D6-4B96-849B-FB284FC3D80E}.vs2010_Release|x64.Build.0 = vs2010_Release|x64
		{8BE1AB30-58D6-4B96-849B-FB284FC3D80E}.vs2012_Debug|Win32.ActiveCfg = vs2012_Debug|Win32
		{8BE1AB30-58D6-4B96-849B-FB284FC3D80E}.vs2012_Debug|Win32.Build.0 = vs2012_Debug|Win32
		{8BE1AB30-58D6-4B96-849B-FB284FC3D80E}.vs2012_Debug|x64.ActiveCfg = vs2012_Debug|x64
		{8BE1AB30-58D6-4B96-849B-FB284FC3D80E}.vs2012_Debug|x64.Build.0 = vs2012_Debug|x64
		{8BE1AB30-58D6-4B96-849B-FB284FC3D80E}.vs2012_Release|Win32.ActiveCfg = vs2012_Release|Win32
		{8BE1AB30-58D6-4B96-849B-FB284FC3D80E}.vs2012_Release|Win32.Build.0 = vs2012_Release|Win32
		{8BE1AB30-58D6-4B96-849B-FB284FC3D80E}.vs2012_Release|x64.ActiveCfg = vs2012_Release|x64
		{8BE1AB30-58D6-4B96-849B-FB284FC3D80E}.vs2012_Release|x64.Build.0 = vs2012_Release|x64
		{8BE1AB30-58D6-4B96-849B-FB284FC3D80E}.vs2015_Debug|Win32.ActiveCfg = vs2015_Debug|Win32
		{8BE1AB30-58D6-4B96-849B-FB284FC3D80E}.vs2015_Debug|Win32.Build.0 = vs2015_Debug|Win32
		{8BE1AB30-58D6-4B96-849B-FB284FC3D80E}.vs2015_Debug|x64.ActiveCfg = vs2015_Debug|x64
		{8BE1AB30-58D6-4B96-849B-FB284FC3D80E}.vs2015_Debug|x64.Build.0 = vs2015_Debug|x64
		{8BE1AB30-58D6-4B96-849B-FB284FC3D80E}.vs2015_Release|Win32.ActiveCfg = vs2015_Release|Win32
		{8BE1AB30-58D6-4B96-849B-FB284FC3D80E}.vs2015_Release|Win32.Build.0 = vs2015_Release|Win32
		{8BE1AB30-58D6-4B96-849B-FB284FC3D80E}.vs2015_Release|x64.ActiveCfg = vs2015_Release|x64
		{8BE1AB30-58D6-4B96-849B-FB284FC3D80E}.vs2015_Release|x64.Build.0 = vs2015_Release|x64
		{8BE1AB30-58D6-4B96-849B-FB284FC3D80E}.vs2017_Debug|Win32.ActiveCfg = vs2017_Debug|Win32
		{8BE1AB30-58D6-4B96-849B-FB284FC3D80E}.vs2017_Debug|Win32.Build.0 = vs2017_Debug|Win32
		{8BE1AB30-58D6-4B96-849B-FB284FC3D80E}.vs2017_Debug|x64.ActiveCfg = vs2017_Debug|x64
		{8BE1AB30-58D6-4B96-849B-FB284FC3D80E}.vs2017_Debug|x64.Build.0 = vs2017_Debug|x64
		{8BE1AB30-58D6-4B96-849B-FB284FC3D80E}.vs2017_Release|Win32.ActiveCfg = vs2017_Release|Win32
		{8BE1AB30-58D6-4B96-849B-FB284FC3D80E}.vs2017_Release|Win32.Build.0 = vs2017_Release|Win32
		{8BE1AB30-58D6-4B96-849B-FB284FC3D80E}.vs2017_Release|x64.ActiveCfg = vs2017_Release|x64
		{8BE1AB30-58D6-4B96-849B-FB284FC3D80E}.vs2017_Release|x64.Build.0 = vs2017_Release|x64
		{A07E74BC-0B3A-4314-BB11-356D4B1FA96D}.Debug|Win32.ActiveCfg = Debug|Win32
		{A07E74BC-0B3A-4314-BB11-356D4B1FA96D}.Debug|Win32.Build.0 = Debug|Win32
		{A07E74BC-0B3A-4314-BB11-356D4B1FA96D}.Debug|x64.ActiveCfg = Debug|x64
		{A07E74BC-0B3A-4314-BB11-356D4B1FA96D}.Debug|x64.Build.0 = Debug|x64
		{A07E74BC-0B3A-4314-BB11-356D4B1FA96D}.Release|Win32.ActiveCfg = Release|Win32
		{A07E74BC-0B3A-4314-BB11-356D4B1FA96D}.Release|Win32.Build.0 = Release|Win32
		{A07E74BC-0B3A-4314-BB11-356D4B1FA96D}.Release|x64.ActiveCfg = Release|x64
		{A07E74BC-0B3A-4314-BB11-356D4B1FA96D}.Release|x64.Build.0 = Release|x64
		{A07E74BC-0B3A-4314-BB11-356D4B1FA96D}.vs2010_Debug|Win32.ActiveCfg = vs2010_Debug|Win32
		{A07E74BC-0B3A-4314-BB11-356D4B1FA96D}.vs2010_Debug|Win32.Build.0 = vs2010_Debug|Win32
		{A07E74BC-0B3A-4314-BB11-356D4B1FA96D}.vs2010_Debug|x64.ActiveCfg = vs2010_Debug|x64
		{A07E74BC-0B3A-4314-BB11-356D4B1FA96D}.vs2010_Debug|x64.Build.0 = vs2010_Debug|x64
		{A07E74BC-0B3A-4314-BB11-356D4B1FA96D}.vs2010_Release|Win32.ActiveCfg = vs2010_Release|Win32
		{A07E74BC-0B3A-4314-BB11-356D4B1FA96D}.vs2010_Release|Win32.Build.0 = vs2010_Release|Win32
		{A07E74BC-0B3A-4314-BB11-356D4B1FA96D}.vs2010_Release|x64.ActiveCfg = vs2010_Release|x64
		{A07E74BC-0B3A-4314-BB11-356D4B1FA96D}.vs2010_Release|x64.Build.0 = vs2010_Release|x64
		{A07E74BC-0B3A-4314-BB11-356D4B1FA96D}.vs2012_Debug|Win32.ActiveCfg = vs2012_Debug|Win32
		{A07E74BC-0B3A-4314-BB11-356D4B1FA96D}.vs2012_Debug|Win32.Build.0 = vs2012_Debug|Win32
		{A07E74BC-0B3A-4314-BB11-356D4B1FA96D}.vs2012_Debug|x64.ActiveCfg = vs2012_Debug|x64
		{A07E74BC-0B3A-4314-BB11-356D4B1FA96D}.vs2012_Debug|x64.Build.0 = vs2012_Debug|x64
		{A07E74BC-0B3A-4314-BB11-356D4B1FA96D}.vs2012_Release|Win32.ActiveCfg = vs2012_Release|Win32
		{A07E74BC-0B3A-4314-BB11-356D4B1FA96D}.vs2012_Release|Win32.Build.0 = vs2012_Release|Win32
		{A07E74BC-0B3A-4314-BB11-356D4B1FA96D}.vs2012_Release|x64.ActiveCfg = vs2012_Release|x64
		{A07E74BC-0B3A-4314-BB11-356D4B1FA96D}.vs2012_Release|x64.Build.0 = vs2012_Release|x64
		{A07E74BC-0B3A-4314-BB11-356D4B1FA96D}.vs2015_Debug|Win32.ActiveCfg = vs2015_Debug|Win32
		{A07E74BC-0B3A-4314-BB11-356D4B1FA96D}.vs2015_Debug|Win32.Build.0 = vs2015_Debug|Win32
		{A07E74BC-0B3A-4314-BB11-356D4B1FA96D}.vs2015_Debug|x64.ActiveCfg = vs2015_Debug|x64
		{A07E74BC-0B3A-4314-BB11-356D4B1FA96D}.vs2015_Debug|x64.Build.0 = vs2015_Debug|x64
		{A07E74BC-0B3A-4314-BB11-356D4B1FA96D}.vs2015_Release|Win32.ActiveCfg = vs2015_Release|Win32
		{A07E74BC-0B3A-4314-BB11-356D4B1FA96D}.vs2015_Release|Win32.Build.0 = vs2015_Release|Win32
		{A07E74BC-0B3A-4314-BB11-356D4B1FA96D}.vs2015_Release|x64.ActiveCfg = vs2015_Release|x64
		{A07E74BC-0B3A-4314-BB11-356D4B1FA96D}.vs2015_Release|x64.Build.0 = vs2015_Release|x64
		{A07E74BC-0B3A-4314-BB11-356D4B1FA96D}.vs2017_Debug|Win32.ActiveCfg = vs2017_Debug|Win32
		{A07E74BC-0B3A-4314-BB11-356D4B1FA96D}.vs2017_Debug|Win32.Build.0 = vs2017_Debug|Win32
		{A07E74BC-0B3A-4314-BB11-356D4B1FA96D}.vs2017_Debug|x64.ActiveCfg = vs2017_Debug|x64
		{A07E74BC-0B3A-4314-BB11-356D4B1FA96D}.vs2017_Debug|x64.Build.0 = vs2017_Debug|x64
		{A07E74BC-0B3A-4314-BB11-356D4B1FA96D}.vs2017_Release|Win32.ActiveCfg = vs2017_Release|Win32
		{A07E74BC-0B3A-4314-BB11-356D4B1FA96D}.vs2017_Release|Win32.Build.0 = vs2017_Release|Win32
		{A07E74BC-0B3A-4314-BB11-356D4B1FA96D}.vs2017_Release|x64.ActiveCfg = vs2017_Release|x64
		{A07E74BC-0B3A-4314-BB11-356D4B1FA96D}.vs2017_Release|x64.Build.0 = vs2017_Release|x64
		{7DA8862D-688E-42CA-84C8-2853EC11F66E}.Debug|Win32.ActiveCfg = Debug|Win32
		{7DA8862D-688E-42CA-84C8-2853EC11F66E}.Debug|Win32.Build.0 = Debug|Win32
		{7DA8862D-688E-42CA-84C8-2853EC11F66E}.Debug|x64.ActiveCfg = Debug|x64
		{7DA8862D-688E-42CA-84C8-2853EC11F66E}.Debug|x64.Build.0 = Debug|x64
		{7DA8862D-688E-42CA-84C8-2853EC11F66E}.Release|Win32.ActiveCfg = Release|Win32
		{7DA8862D-688E-42CA-84C8-2853EC11F66E}.Release|Win32.Build.0 = Release|Win32
		{7DA8862D-688E-42CA-84C8-2853EC11F66E}.Release|x64.ActiveCfg = Release|x64
		{7DA8862D-688E-42CA-84C8-2853EC11F66E}.Release|x64.Build.0 = Release|x64
		{7DA8862D-688E-42CA-84C8-2853EC11F66E}.vs2010_Debug|Win32.ActiveCfg = vs2010_Debug|Win32
		{7DA8862D-688E-42CA-84C8-2853EC11F66E}.vs2010_Debug|Win32.Build.0 = vs2010_Debug|Win32
		{7DA8862D-688E-42CA-84C8-2853EC11F66E}.vs2010_Debug|x64.ActiveCfg = vs2010_Debug|x64
		{7DA8862D-688E-42CA-84C8-2853EC11F66E}.vs2010_Debug|x64.Build.0 = vs2010_Debug|x64
		{7DA8862D-688E-42CA-84C8-2853EC11F66E}.vs2010_Release|Win32.ActiveCfg = vs2010_Release|Win32
		{7DA8862D-688E-42CA-84C8-2853EC11F66E}.vs2010_Release|Win32.Build.0 = vs2010_Release|Win32
		{7DA8862D-688E-42CA-84C8-2853EC11F66E}.vs2010_Release|x64.ActiveCfg = vs2010_Release|x64
		{7DA8862D-688E-42CA-84C8-2853EC11F66E}.vs2010_Release|x64.Build.0 = vs2010_Release|x64
		{7DA8862D-688E-42CA-84C8-2853EC11F66E}.vs2012_Debug|Win32.ActiveCfg = vs2012_Debug|Win32
		{7DA8862D-688E-42CA-84C8-2853EC11F66E}.vs2012_Debug|Win32.Build.0 = vs2012_Debug|Win32
		{7DA8862D-688E-42CA-84C8-2853EC11F66E}.vs2012_Debug|x64.ActiveCfg = vs2012_Debug|x64
		{7DA8862D-688E-42CA-84C8-2853EC11F66E}.vs2012_Debug|x64.Build.0 = vs2012_Debug|x64
		{7DA8862D-688E-42CA-84C8-2853EC11F66E}.vs2012_Release|Win32.ActiveCfg = vs2012_Release|Win32
		{7DA8862D-688E-42CA-84C8-2853EC11F66E}.vs2012_Release|Win32.Build.0 = vs2012_Release|Win32
		{7DA8862D-688E-42CA-84C8-2853EC11F66E}.vs2012_Release|x64.ActiveCfg = vs2012_Release|x64
		{7DA8862D-688E-42CA-84C8-2853EC11F66E}.vs2012_Release|x64.Build.0 = vs2012_Release|x64
		{7DA8862D-688E-42CA-84C8-2853EC11F66E}.vs2015_Debug|Win32.ActiveCfg = vs2015_Debug|Win32
		{7DA8862D-688E-42CA-84C8-2853EC11F66E}.vs2015_Debug|Win32.Build.0 = vs2015_Debug|Win32
		{7DA8862D-688E-42CA-84C8-2853EC11F66E}.vs2015_Debug|x64.ActiveCfg = vs2015_Debug|x64
		{7DA8862D-688E-42CA-84C8-2853EC11F66E}.vs2015_Debug|x64.Build.0 = vs2015_Debug|x64
		{7DA8862D-688E-42CA-84C8-2853EC11F66E}.vs2015_Release|Win32.ActiveCfg = vs2015_Release|Win32
		{7DA8862D-688E-42CA-84C8-2853EC11F66E}.vs2015_Release|Win32.Build.0 = vs2015_Release|Win32
		{7DA8862D-688E-42CA-84C8-2853EC11F66E}.vs2015_Release|x64.ActiveCfg = vs2015_Release|x64
		{7DA8862D-688E-42CA-84C8-2853EC11F66E}.vs2015_Release|x64.Build.0 = vs2015_Release|x64
		{7DA8862D-688E-42CA-84C8-2853EC11F66E}.vs2017_Debug|Win32.ActiveCfg = vs2017_Debug|Win32
		{7DA8862D-688E-42CA-84C8-2853EC11F66E}.vs2017_Debug|Win32.Build.0 = vs2017_Debug|Win32
		{7DA8862D-688E-42CA-84C8-2853EC11F66E}.vs2017_Debug|x64.ActiveCfg = vs2017_Debug|x64
		{7DA8862D-688E-42CA-84C8-2853EC11F66E}.vs2017_Debug|x64.Build.0 = vs2017_Debug|x64
		{7DA8862D-688E-42CA-84C8-2853EC11F66E}.vs2017_Release|Win32.ActiveCfg = vs2017_Release|Win32
		{7DA8862D-688E-42CA-84C8-2853EC11F66E}.vs2017_Release|Win32.Build.0 = vs2017_Release|Win32
		{7DA8862D-688E-42CA-84C8-2853EC11F66E}.vs2017_Release|x64.ActiveCfg = vs2017_Release|x64
		{7DA8862D-688E-42CA-84C8-2853EC11F66E}.vs2017_Release|x64.Build.0 = vs2017_Release|x64
		{D0FC3B25-28AF-453B-920A-CE3204CC6240}.Debug|Win32.ActiveCfg = Debug|Win32
		{D0FC3B25-28AF-453B-920A-CE3204CC6240}.Debug|Win32.Build.0 = Debug|Win32
		{D0FC3B25-28AF-453B-920A-CE3204CC6240}.Debug|x64.ActiveCfg = Debug|x64
		{D0FC3B25-28AF-453B-920A-CE3204CC6240}.Debug|x64.Build.0 = Debug|x64
		{D0FC3B25-28AF-453B-920A-CE3204CC6240}.Release|Win32.ActiveCfg = Release|Win32
		{D0FC3B25-28AF-453B-920A-CE3204CC6240}.Release|Win32.Build.0 = Release|Win32
		{D0FC3B25-28AF-453B-920A-CE3204CC6240}.Release|x64.ActiveCfg = Release|x64
		{D0FC3B25-28AF-453B-920A-CE3204CC6240}.Release|x64.Build.0 = Release|x64
		{D0FC3B25-28AF-453B-920A-CE3204CC6240}.vs2010_Debug|Win32.ActiveCfg = vs2010_Debug|Win32
		{D0FC3B25-28AF-453B-920A-CE3204CC6240}.vs2010_Debug|Win32.Build.0 = vs2010_Debug|Win32
		{D0FC3B25-28AF-453B-920A-CE3204CC6240}.vs2010_Debug|x64.ActiveCfg = vs2010_Debug|x64
		{D0FC3B25-28AF-453B-920A-CE3204CC6240}.vs2010_Debug|x64.Build.0 = vs2010_Debug|x64
		{D0FC3B25-28AF-453B-920A-CE3204CC6240}.vs2010_Release|Win32.ActiveCfg = vs2010_Release|Win32
		{D0FC3B25-28AF-453B-920A-CE3204CC6240}.vs2010_Release|Win32.Build.0 = vs2010_Release|Win32
		{D0FC3B25-28AF-453B-920A-CE3204CC6240}.vs2010_Release|x64.ActiveCfg = vs2010_Release|x64
		{D0FC3B25-28AF-453B-920A-CE3204CC6240}.vs2010_Release|x64.Build.0 = vs2010_Release|x64
		{D0FC3B25-28AF-453B-920A-CE3204CC6240}.vs2012_Debug|Win32.ActiveCfg = vs2012_Debug|Win32
		{D0FC3B25-28AF-453B-920A-CE3204CC6240}.vs2012_Debug|Win32.Build.0 = vs2012_Debug|Win32
		{D0FC3B25-28AF-453B-920A-CE3204CC6240}.vs2012_Debug|x64.ActiveCfg = vs2012_Debug|x64
		{D0FC3B25-28AF-453B-920A-CE3204CC6240}.vs2012_Debug|x64.Build.0 = vs2012_Debug|x64
		{D0FC3B25-28AF-453B-920A-CE3204CC6240}.vs2012_Release|Win32.ActiveCfg = vs2012_Release|Win32
		{D0FC3B25-28AF-453B-920A-CE3204CC6240}.vs2012_Release|Win32.Build.0 = vs2012_Release|Win32
		{D0FC3B25-28AF-453B-920A-CE3204CC6240}.vs2012_Release|x64.ActiveCfg = vs2012_Release|x64
		{D0FC3B25-28AF-453B-920A-CE3204CC6240}.vs2012_Release|x64.Build.0 = vs2012_Release|x64
		{D0FC3B25-28AF-453B-920A-CE3204CC6240}.vs2015_Debug|Win32.ActiveCfg = vs2015_Debug|Win32
		{D0FC3B25-28AF-453B-920A-CE3204CC6240}.vs2015_Debug|Win32.Build.0 = vs2015_Debug|Win32
		{D0FC3B25-28AF-453B-920A-CE3204CC6240}.vs2015_Debug|x64.ActiveCfg = vs2015_Debug|x64
		{D0FC3B25-28AF-453B-920A-CE3204CC6240}.vs2015_Debug|x64.Build.0 = vs2015_Debug|x64
		{D0FC3B25-28AF-453B-920A-CE3204CC6240}.vs2015_Release|Win32.ActiveCfg = vs2015_Release|Win32
		{D0FC3B25-28AF-453B-920A-CE3204CC6240}.vs2015_Release|Win32.Build.0 = vs2015_Release|Win32
		{D0FC3B25-28AF-453B-920A-CE3204CC6240}.vs2015_Release|x64.ActiveCfg = vs2015_Release|x64
		{D0FC3B25-28AF-453B-920A-CE3204CC6240}.vs2015_Release|x64.Build.0 = vs2015_Release|x64
		{D0FC3B25-28AF-453B-920A-CE3204CC6240}.vs2017_Debug|Win32.ActiveCfg = vs2017_Debug|Win32
		{D0FC3B25-28AF-453B-920A-CE3204CC6240}.vs2017_Debug|Win32.Build.0 = vs2017_Debug|Win32
		{D0FC3B25-28AF-453B-920A-CE3204CC6240}.vs2017_Debug|x64.ActiveCfg = vs2017_Debug|x64
		{D0FC3B25-28AF-453B-920A-CE3204CC6240}.vs2017_Debug|x64.Build.0 = vs2017_Debug|x64
		{D0FC3B25-28AF-453B-920A-CE3204CC6240}.vs2017_Release|Win32.ActiveCfg = vs2017_Release|Win32
		{D0FC3B25-28AF-453B-920A-CE3204CC6240}.vs2017_Release|Win32.Build.0 = vs2017_Release|Win32
		{D0FC3B25-28AF-453B-920A-CE3204CC6240}.vs2017_Release|x64.ActiveCfg = vs2017_Release|x64
		{D0FC3B25-28AF-453B-920A-CE3204CC6240}.vs2017_Release|x64.Build.0 = vs2017_Release|x64
		{6505910E-9F0B-4F6C-9C47-366C9585D402}.Debug|Win32.ActiveCfg = Debug|Win32
		{6505910E-9F0B-4F6C-9C47-366C9585D402}.Debug|Win32.Build.0 = Debug|Win32
		{6505910E-9F0B-4F6C-9C47-366C9585D402}.Debug|x64.ActiveCfg = Debug|x64
		{6505910E-9F0B-4F6C-9C47-366C9585D402}.Debug|x64.Build.0 = Debug|x64
		{6505910E-9F0B-4F6C-9C47-366C9585D402}.Release|Win32.ActiveCfg = Release|Win32
		{6505910E-9F0B-4F6C-9C47-366C9585D402}.Release|Win32.Build.0 = Release|Win32
		{6505910E-9F0B-4F6C-9C47-366C9585D402}.Release|x64.ActiveCfg = Release|x64
		{6505910E-9F0B-4F6C-9C47-366C9585D402}.Release|x64.Build.0 = Release|x64
		{6505910E-9F0B-4F6C-9C47-366C9585D402}.vs2010_Debug|Win32.ActiveCfg = vs2010_Debug|Win32
		{6505910E-9F0B-4F6C-9C47-366C9585D402}.vs2010_Debug|Win32.Build.0 = vs2010_Debug|Win32
		{6505910E-9F0B-4F6C-9C47-366C9585D402}.vs2010_Debug|x64.ActiveCfg = vs2010_Debug|x64
		{6505910E-9F0B-4F6C-9C47-366C9585D402}.vs2010_Debug|x64.Build.0 = vs2010_Debug|x64
		{6505910E-9F0B-4F6C-9C47-366C9585D402}.vs2010_Release|Win32.ActiveCfg = vs2010_Release|Win32
		{6505910E-9F0B-4F6C-9C47-366C9585D402}.vs2010_Release|Win32.Build.0 = vs2010_Release|Win32
		{6505910E-9F0B-4F6C-9C47-366C9585D402}.vs2010_Release|x64.ActiveCfg = vs2010_Release|x64
		{6505910E-9F0B-4F6C-9C47-366C9585D402}.vs2010_Release|x64.Build.0 = vs2010_Release|x64
		{6505910E-9F0B-4F6C-9C47-366C9585D402}.vs2012_Debug|Win32.ActiveCfg = vs2012_Debug|Win32
		{6505910E-9F0B-4F6C-9C47-366C9585D402}.vs2012_Debug|Win32.Build.0 = vs2012_Debug|Win32
		{6505910E-9F0B-4F6C-9C47-366C9585D402}.vs2012_Debug|x64.ActiveCfg = vs2012_Debug|x64
		{6505910E-9F0B-4F6C-9C47-366C9585D402}.vs2012_Debug|x64.Build.0 = vs2012_Debug|x64
		{6505910E-9F0B-4F6C-9C47-366C9585D402}.vs2012_Release|Win32.ActiveCfg = vs2012_Release|Win32
		{6505910E-9F0B-4F6C-9C47-366C9585D402}.vs2012_Release|Win32.Build.0 = vs2012_Release|Win32
		{6505910E-9F0B-4F6C-9C47-366C9585D402}.vs2012_Release|x64.ActiveCfg = vs2012_Release|x64
		{6505910E-9F0B-4F6C-9C47-366C9585D402}.vs2012_Release|x64.Build.0 = vs2012_Release|x64
		{6505910E-9F0B-4F6C-9C47-366C9585D402}.vs2015_Debug|Win32.ActiveCfg = vs2015_Debug|Win32
		{6505910E-9F0B-4F6C-9C47-366C9585D402}.vs2015_Debug|Win32.Build.0 = vs2015_Debug|Win32
		{6505910E-9F0B-4F6C-9C47-366C9585D402}.vs2015_Debug|x64.ActiveCfg = vs2015_Debug|x64
		{6505910E-9F0B-4F6C-9C47-366C9585D402}.vs2015_Debug|x64.Build.0 = vs2015_Debug|x64
		{6505910E-9F0B-4F6C-9C47-366C9585D402}.vs2015_Release|Win32.ActiveCfg = vs2015_Release|Win32
		{6505910E-9F0B-4F6C-9C47-366C9585D402}.vs2015_Release|Win32.Build.0 = vs2015_Release|Win32
		{6505910E-9F0B-4F6C-9C47-366C9585D402}.vs2015_Release|x64.ActiveCfg = vs2015_Release|x64
		{6505910E-9F0B-4F6C-9C47-366C9585D402}.vs2015_Release|x64.Build.0 = vs2015_Release|x64
		{6505910E-9F0B-4F6C-9C47-366C9585D402}.vs2017_Debug|Win32.ActiveCfg = vs2017_Debug|Win32
		{6505910E-9F0B-4F6C-9C47-366C9585D402}.vs2017_Debug|Win32.Build.0 = vs2017_Debug|Win32
		{6505910E-9F0B-4F6C-9C47-366C9585D402}.vs2017_Debug|x64.ActiveCfg = vs2017_Debug|x64
		{6505910E-9F0B-4F6C-9C47-366C9585D402}.vs2017_Debug|x64.Build.0 = vs2017_Debug|x64
		{6505910E-9F0B-4F6C-9C47-366C9585D402}.vs2017_Release|Win32.ActiveCfg = vs2017_Release|Win32
		{6505910E-9F0B-4F6C-9C47-366C9585D402}.vs2017_Release|Win32.Build.0 = vs2017_Release|Win32
		{6505910E-9F0B-4F6C-9C47-366C9585D402}.vs2017_Release|x64.ActiveCfg = vs2017_Release|x64
		{6505910E-9F0B-4F6C-9C47-366C9585D402}.vs2017_Release|x64.Build.0 = vs2017_Release|x64
		{3C6E0E55-5BFF-44B4-8515-1B7C17C5B0DC}.Debug|Win32.ActiveCfg = Debug|Win32
		{3C6E0E55-5BFF-44B4-8515-1B7C17C5B0DC}.Debug|Win32.Build.0 = Debug|Win32
		{3C6E0E55-5BFF-44B4-8515-1B7C17C5B0DC}.Debug|x64.ActiveCfg = Debug|x64
		{3C6E0E55-5BFF-44B4-8515-1B7C17C5B0DC}.Debug|x64.Build.0 = Debug|x64
		{3C6E0E55-5BFF-44B4-8515-1B7C17C5B0DC}.Release|Win32.ActiveCfg = Release|Win32
		{3C6E0E55-5BFF-44B4-8515-1B7C17C5B0DC}.Release|Win32.Build.0 = Release|Win32
		{3C6E0E55-5BFF-44B4-8515-1B7C17C5B0DC}.Release|x64.ActiveCfg = Release|x64
		{3C6E0E55-5BFF-44B4-8515-1B7C17C5B0DC}.Release|x64.Build.0 = Release|x64
		{3C6E0E55-5BFF-44B4-8515-1B7C17C5B0DC}.vs2010_Debug|Win32.ActiveCfg = vs2010_Debug|Win32
		{3C6E0E55-5BFF-44B4-8515-1B7C17C5B0DC}.vs2010_Debug|Win32.Build.0 = vs2010_Debug|Win32
		{3C6E0E55-5BFF-44B4-8515-1B7C17C5B0DC}.vs2010_Debug|x64.ActiveCfg = vs2010_Debug|x64
		{3C6E0E55-5BFF-44B4-8515-1B7C17C5B0DC}.vs2010_Debug|x64.Build.0 = vs2010_Debug|x64
		{3C6E0E55-5BFF-44B4-8515-1B7C17C5B0DC}.vs2010_Release|Win32.ActiveCfg = vs2010_Release|Win32
		{3C6E0E55-5BFF-44B4-8515-1B7C17C5B0DC}.vs2010_Release|Win32.Build.0 = vs2010_Release|Win32
		{3C6E0E55-5BFF-44B4-8515-1B7C17C5B0DC}.vs2010_Release|x64.ActiveCfg = vs2010_Release|x64
		{3C6E0E55-5BFF-44B4-8515-1B7C17C5B0DC}.vs2010_Release|x64.Build.0 = vs2010_Release|x64
		{3C6E0E55-5BFF-44B4-8515-1B7C17C5B0DC}.vs2012_Debug|Win32.ActiveCfg = vs2012_Debug|Win32
		{3C6E0E55-5BFF-44B4-8515-1B7C17C5B0DC}.vs2012_Debug|Win32.Build.0 = vs2012_Debug|Win32
		{3C6E0E55-5BFF-44B4-8515-1B7C17C5B0DC}.vs2012_Debug|x64.ActiveCfg = vs2012_Debug|x64
		{3C6E0E55-5BFF-44B4-8515-1B7C17C5B0DC}.vs2012_Debug|x64.Build.0 = vs2012_Debug|x64
		{3C6E0E55-5BFF-44B4-8515-1B7C17C5B0DC}.vs2012_Release|Win32.ActiveCfg = vs2012_Release|Win32
		{3C6E0E55-5BFF-44B4-8515-1B7C17C5B0DC}.vs2012_Release|Win32.Build.0 = vs2012_Release|Win32
		{3C6E0E55-5BFF-44B4-8515-1B7C17C5B0DC}.vs2012_Release|x64.ActiveCfg = vs2012_Release|x64
		{3C6E0E55-5BFF-44B4-8515-1B7C17C5B0DC}.vs2012_Release|x64.Build.0 = vs2012_Release|x64
		{3C6E0E55-5BFF-44B4-8515-1B7C17C5B0DC}.vs2015_Debug|Win32.ActiveCfg = vs2015_Debug|Win32
		{3C6E0E55-5BFF-44B4-8515-1B7C17C5B0DC}.vs2015_Debug|Win32.Build.0 = vs2015_Debug|Win32
		{3C6E0E55-5BFF-44B4-8515-1B7C17C5B0DC}.vs2015_Debug|x64.ActiveCfg = vs2015_Debug|x64
		{3C6E0E55-5BFF-44B4-8515-1B7C17C5B0DC}.vs2015_Debug|x64.Build.0 = vs2015_Debug|x64
		{3C6E0E55-5BFF-44B4-8515-1B7C17C5B0DC}.vs2015_Release|Win32.ActiveCfg = vs2015_Release|Win32
		{3C6E0E55-5BFF-44B4-8515-1B7C17C5B0DC}.vs2015_Release|Win32.Build.0 = vs2015_Release|Win32
		{3C6E0E55-5BFF-44B4-8515-1B7C17C5B0DC}.vs2015_Release|x64.ActiveCfg = vs2015_Release|x64
		{3C6E0E55-5BFF-44B4-8515-1B7C17C5B0DC}.vs2015_Release|x64.Build.0 = vs2015_Release|x64
		{3C6E0E55-5BFF-44B4-8515-1B7C17C5B0DC}.vs2017_Debug|Win32.ActiveCfg = vs2017_Debug|Win32
		{3C6E0E55-5BFF-44B4-8515-1B7C17C5B0DC}.vs2017_Debug|Win32.Build.0 = vs2017_Debug|Win32
		{3C6E0E55-5BFF-44B4-8515-1B7C17C5B0DC}.vs2017_Debug|x64.ActiveCfg = vs2017_Debug|x64
		{3C6E0E55-5BFF-44B4-8515-1B7C17C5B0DC}.vs2017_Debug|x64.Build.0 = vs2017_Debug|x64
		{3C6E0E55-5BFF-44B4-8515-1B7C17C5B0DC}.vs2017_Release|Win32.ActiveCfg = vs2017_Release|Win32
		{3C6E0E55-5BFF-44B4-8515-1B7C17C5B0DC}.vs2017_Release|Win32.Build.0 = vs2017_Release|Win32
		{3C6E0E55-5BFF-44B4-8515-1B7C17C5B0DC}.vs2017_Release|x64.ActiveCfg = vs2017_Release|x64
		{3C6E0E55-5BFF-44B4-8515-1B7C17C5B0DC}.vs2017_Release|x64.Build.0 = vs2017_Release|x64
		{47116695-52D7-4374-B165-99BB2EAB7960}.Debug|Win32.ActiveCfg = Debug|Win32
		{47116695-52D7-4374-B165-99BB2EAB7960}.Debug|Win32.Build.0 = Debug|Win32
		{47116695-52D7-4374-B165-99BB2EAB7960}.Debug|x64.ActiveCfg = Debug|x64
		{47116695-52D7-4374-B165-99BB2EAB7960}.Debug|x64.Build.0 = Debug|x64
		{47116695-52D7-4374-B165-99BB2EAB7960}.Release|Win32.ActiveCfg = Release|Win32
		{47116695-52D7-4374-B165-99BB2EAB7960}.Release|Win32.Build.0 = Release|Win32
		{47116695-52D7-4374-B165-99BB2EAB7960}.Release|x64.ActiveCfg = Release|x64
		{47116695-52D7-4374-B165-99BB2EAB7960}.Release|x64.Build.0 = Release|x64
		{47116695-52D7-4374-B165-99BB2EAB7960}.vs2010_Debug|Win32.ActiveCfg = vs2010_Debug|Win32
		{47116695-52D7-4374-B165-99BB2EAB7960}.vs2010_Debug|Win32.Build.0 = vs2010_Debug|Win32
		{47116695-52D7-4374-B165-99BB2EAB7960}.vs2010_Debug|x64.ActiveCfg = vs2010_Debug|x64
		{47116695-52D7-4374-B165-99BB2EAB7960}.vs2010_Debug|x64.Build.0 = vs2010_Debug|x64
		{47116695-52D7-4374-B165-99BB2EAB7960}.vs2010_Release|Win32.ActiveCfg = vs2010_Release|Win32
		{47116695-52D7-4374-B165-99BB2EAB7960}.vs2010_Release|Win32.Build.0 = vs2010_Release|Win32
		{47116695-52D7-4374-B165-99BB2EAB7960}.vs2010_Release|x64.ActiveCfg = vs2010_Release|x64
		{47116695-52D7-4374-B165-99BB2EAB7960}.vs2010_Release|x64.Build.0 = vs2010_Release|x64
		{47116695-52D7-4374-B165-99BB2EAB7960}.vs2012_Debug|Win32.ActiveCfg = vs2012_Debug|Win32
		{47116695-52D7-4374-B165-99BB2EAB7960}.vs2012_Debug|Win32.Build.0 = vs2012_Debug|Win32
		{47116695-52D7-4374-B165-99BB2EAB7960}.vs2012_Debug|x64.ActiveCfg = vs2012_Debug|x64
		{47116695-52D7-4374-B165-99BB2EAB7960}.vs2012_Debug|x64.Build.0 = vs2012_Debug|x64
		{47116695-52D7-4374-B165-99BB2EAB7960}.vs2012_Release|Win32.ActiveCfg = vs2012_Release|Win32
		{47116695-52D7-4374-B165-99BB2EAB7960}.vs2012_Release|Win32.Build.0 = vs2012_Release|Win32
		{47116695-52D7-4374-B165-99BB2EAB7960}.vs2012_Release|x64.ActiveCfg = vs2012_Release|x64
		{47116695-52D7-4374-B165-99BB2EAB7960}.vs2012_Release|x64.Build.0 = vs2012_Release|x64
		{47116695-52D7-4374-B165-99BB2EAB7960}.vs2015_Debug|Win32.ActiveCfg = vs2015_Debug|Win32
		{47116695-52D7-4374-B165-99BB2EAB7960}.vs2015_Debug|Win32.Build.0 = vs2015_Debug|Win32
		{47116695-52D7-4374-B165-99BB2EAB7960}.vs2015_Debug|x64.ActiveCfg = vs2015_Debug|x64
		{47116695-52D7-4374-B165-99BB2EAB7960}.vs2015_Debug|x64.Build.0 = vs2015_Debug|x64
		{47116695-52D7-4374-B165-99BB2EAB7960}.vs2015_Release|Win32.ActiveCfg = vs2015_Release|Win32
		{47116695-52D7-4374-B165-99BB2EAB7960}.vs2015_Release|Win32.Build.0 = vs2015_Release|Win32
		{47116695-52D7-4374-B165-99BB2EAB7960}.vs2015_Release|x64.ActiveCfg = vs2015_Release|x64
		{47116695-52D7-4374-B165-99BB2EAB7960}.vs2015_Release|x64.Build.0 = vs2015_Release|x64
		{47116695-52D7-4374-B165-99BB2EAB7960}.vs2017_Debug|Win32.ActiveCfg = vs2017_Debug|Win32
		{47116695-52D7-4374-B165-99BB2EAB7960}.vs2017_Debug|Win32.Build.0 = vs2017_Debug|Win32
		{47116695-52D7-4374-B165-99BB2EAB7960}.vs2017_Debug|x64.ActiveCfg = vs2017_Debug|x64
		{47116695-52D7-4374-B165-99BB2EAB7960}.vs2017_Debug|x64.Build.0 = vs2017_Debug|x64
		{47116695-52D7-4374-B165-99BB2EAB7960}.vs2017_Release|Win32.ActiveCfg = vs2017_Release|Win32
		{47116695-52D7-4374-B165-99BB2EAB7960}.vs2017_Release|Win32.Build.0 = vs2017_Release|Win32
		{47116695-52D7-4374-B165-99BB2EAB7960}.vs2017_Release|x64.ActiveCfg = vs2017_Release|x64
		{47116695-52D7-4374-B165-99BB2EAB7960}.vs2017_Release|x64.Build.0 = vs2017_Release|x64
		{9694017D-F59A-4C72-B73F-A93F1367916B}.Debug|Win32.ActiveCfg = Debug|Win32
		{9694017D-F59A-4C72-B73F-A93F1367916B}.Debug|Win32.Build.0 = Debug|Win32
		{9694017D-F59A-4C72-B73F-A93F1367916B}.Debug|x64.ActiveCfg = Debug|x64
		{9694017D-F59A-4C72-B73F-A93F1367916B}.Debug|x64.Build.0 = Debug|x64
		{9694017D-F59A-4C72-B73F-A93F1367916B}.Release|Win32.ActiveCfg = Release|Win32
		{9694017D-F59A-4C72-B73F-A93F1367916B}.Release|Win32.Build.0 = Release|Win32
		{9694017D-F59A-4C72-B73F-A93F1367916B}.Release|x64.ActiveCfg = Release|x64
		{9694017D-F59A-4C72-B73F-A93F1367916B}.Release|x64.Build.0 = Release|x64
		{9694017D-F59A-4C72-B73F-A93F1367916B}.vs2010_Debug|Win32.ActiveCfg = vs2010_Debug|Win32
		{9694017D-F59A-4C72-B73F-A93F1367916B}.vs2010_Debug|Win32.Build.0 = vs2010_Debug|Win32
		{9694017D-F59A-4C72-B73F-A93F1367916B}.vs2010_Debug|x64.ActiveCfg = vs2010_Debug|x64
		{9694017D-F59A-4C72-B73F-A93F1367916B}.vs2010_Debug|x64.Build.0 = vs2010_Debug|x64
		{9694017D-F59A-4C72-B73F-A93F1367916B}.vs2010_Release|Win32.ActiveCfg = vs2010_Release|Win32
		{9694017D-F59A-4C72-B73F-A93F1367916B}.vs2010_Release|Win32.Build.0 = vs2010_Release|Win32
		{9694017D-F59A-4C72-B73F-A93F1367916B}.vs2010_Release|x64.ActiveCfg = vs2010_Release|x64
		{9694017D-F59A-4C72-B73F-A93F1367916B}.vs2010_Release|x64.Build.0 = vs2010_Release|x64
		{9694017D-F59A-4C72-B73F-A93F1367916B}.vs2012_Debug|Win32.ActiveCfg = vs2012_Debug|Win32
		{9694017D-F59A-4C72-B73F-A93F1367916B}.vs2012_Debug|Win32.Build.0 = vs2012_Debug|Win32
		{9694017D-F59A-4C72-B73F-A93F1367916B}.vs2012_Debug|x64.ActiveCfg = vs2012_Debug|x64
		{9694017D-F59A-4C72-B73F-A93F1367916B}.vs2012_Debug|x64.Build.0 = vs2012_Debug|x64
		{9694017D-F59A-4C72-B73F-A93F1367916B}.vs2012_Release|Win32.ActiveCfg = vs2012_Release|Win32
		{9694017D-F59A-4C72-B73F-A93F1367916B}.vs2012_Release|Win32.Build.0 = vs2012_Release|Win32
		{9694017D-F59A-4C72-B73F-A93F1367916B}.vs2012_Release|x64.ActiveCfg = vs2012_Release|x64
		{9694017D-F59A-4C72-B73F-A93F1367916B}.vs2012_Release|x64.Build.0 = vs2012_Release|x64
		{9694017D-F59A-4C72-B73F-A93F1367916B}.vs2015_Debug|Win32.ActiveCfg = vs2015_Debug|Win32
		{9694017D-F59A-4C72-B73F-A93F1367916B}.vs2015_Debug|Win32.Build.0 = vs2015_Debug|Win32
		{9694017D-F59A-4C72-B73F-A93F1367916B}.vs2015_Debug|x64.ActiveCfg = vs2015_Debug|x64
		{9694017D-F59A-4C72-B73F-A93F1367916B}.vs2015_Debug|x64.Build.0 = vs2015_Debug|x64
		{9694017D-F59A-4C72-B73F-A93F1367916B}.vs2015_Release|Win32.ActiveCfg = vs2015_Release|Win32
		{9694017D-F59A-4C72-B73F-A93F1367916B}.vs2015_Release|Win32.Build.0 = vs2015_Release|Win32
		{9694017D-F59A-4C72-B73F-A93F1367916B}.vs2015_Release|x64.ActiveCfg = vs2015_Release|x64
		{9694017D-F59A-4C72-B73F-A93F1367916B}.vs2015_Release|x64.Build.0 = vs2015_Release|x64
		{9694017D-F59A-4C72-B73F-A93F1367916B}.vs2017_Debug|Win32.ActiveCfg = vs2017_Debug|Win32
		{9694017D-F59A-4C72-B73F-A93F1367916B}.vs2017_Debug|Win32.Build.0 = vs2017_Debug|Win32
		{9694017D-F59A-4C72-B73F-A93F1367916B}.vs2017_Debug|x64.ActiveCfg = vs2017_Debug|x64
		{9694017D-F59A-4C72-B73F-A93F1367916B}.vs2017_Debug|x64.Build.0 = vs2017_Debug|x64
		{9694017D-F59A-4C72-B73F-A93F1367916B}.vs2017_Release|Win32.ActiveCfg = vs2017_Release|Win32
		{9694017D-F59A-4C72-B73F-A93F1367916B}.vs2017_Release|Win32.Build.0 = vs2017_Release|Win32
		{9694017D-F59A-4C72-B73F-A93F1367916B}.vs2017_Release|x64.ActiveCfg = vs2017_Release|x64
		{9694017D-F59A-4C72-B73F-A93F1367916B}.vs2017_Release|x64.Build.0 = vs2017_Release|x64
		{B4958D26-945D-401F-AC61-DEE9DA1A6DAE}.Debug|Win32.ActiveCfg = Debug|Win32
		{B4958D26-945D-401F-AC61-DEE9DA1A6DAE}.Debug|Win32.Build.0 = Debug|Win32
		{B4958D26-945D-401F-AC61-DEE9DA1A6DAE}.Debug|x64.ActiveCfg = Debug|x64
		{B4958D26-945D-401F-AC61-DEE9DA1A6DAE}.Debug|x64.Build.0 = Debug|x64
		{B4958D26-945D-401F-AC61-DEE9DA1A6DAE}.Release|Win32.ActiveCfg = Release|Win32
		{B4958D26-945D-401F-AC61-DEE9DA1A6DAE}.Release|Win32.Build.0 = Release|Win32
		{B4958D26-945D-401F-AC61-DEE9DA1A6DAE}.Release|x64.ActiveCfg = Release|x64
		{B4958D26-945D-401F-AC61-DEE9DA1A6DAE}.Release|x64.Build.0 = Release|x64
		{B4958D26-945D-401F-AC61-DEE9DA1A6DAE}.vs2010_Debug|Win32.ActiveCfg = vs2010_Debug|Win32
		{B4958D26-945D-401F-AC61-DEE9DA1A6DAE}.vs2010_Debug|Win32.Build.0 = vs2010_Debug|Win32
		{B4958D26-945D-401F-AC61-DEE9DA1A6DAE}.vs2010_Debug|x64.ActiveCfg = vs2010_Debug|x64
		{B4958D26-945D-401F-AC61-DEE9DA1A6DAE}.vs2010_Debug|x64.Build.0 = vs2010_Debug|x64
		{B4958D26-945D-401F-AC61-DEE9DA1A6DAE}.vs2010_Release|Win32.ActiveCfg = vs2010_Release|Win32
		{B4958D26-945D-401F-AC61-DEE9DA1A6DAE}.vs2010_Release|Win32.Build.0 = vs2010_Release|Win32
		{B4958D26-945D-401F-AC61-DEE9DA1A6DAE}.vs2010_Release|x64.ActiveCfg = vs2010_Release|x64
		{B4958D26-945D-401F-AC61-DEE9DA1A6DAE}.vs2010_Release|x64.Build.0 = vs2010_Release|x64
		{B4958D26-945D-401F-AC61-DEE9DA1A6DAE}.vs2012_Debug|Win32.ActiveCfg = vs2012_Debug|Win32
		{B4958D26-945D-401F-AC61-DEE9DA1A6DAE}.vs2012_Debug|Win32.Build.0 = vs2012_Debug|Win32
		{B4958D26-945D-401F-AC61-DEE9DA1A6DAE}.vs2012_Debug|x64.ActiveCfg = vs2012_Debug|x64
		{B4958D26-945D-401F-AC61-DEE9DA1A6DAE}.vs2012_Debug|x64.Build.0 = vs2012_Debug|x64
		{B4958D26-945D-401F-AC61-DEE9DA1A6DAE}.vs2012_Release|Win32.ActiveCfg = vs2012_Release|Win32
		{B4958D26-945D-401F-AC61-DEE9DA1A6DAE}.vs2012_Release|Win32.Build.0 = vs2012_Release|Win32
		{B4958D26-945D-401F-AC61-DEE9DA1A6DAE}.vs2012_Release|x64.ActiveCfg = vs2012_Release|x64
		{B4958D26-945D-401F-AC61-DEE9DA1A6DAE}.vs2012_Release|x64.Build.0 = vs2012_Release|x64
		{B4958D26-945D-401F-AC61-DEE9DA1A6DAE}.vs2015_Debug|Win32.ActiveCfg = vs2015_Debug|Win32
		{B4958D26-945D-401F-AC61-DEE9DA1A6DAE}.vs2015_Debug|Win32.Build.0 = vs2015_Debug|Win32
		{B4958D26-945D-401F-AC61-DEE9DA1A6DAE}.vs2015_Debug|x64.ActiveCfg = vs2015_Debug|x64
		{B4958D26-945D-401F-AC61-DEE9DA1A6DAE}.vs2015_Debug|x64.Build.0 = vs2015_Debug|x64
		{B4958D26-945D-401F-AC61-DEE9DA1A6DAE}.vs2015_Release|Win32.ActiveCfg = vs2015_Release|Win32
		{B4958D26-945D-401F-AC61-DEE9DA1A6DAE}.vs2015_Release|Win32.Build.0 = vs2015_Release|Win32
		{B4958D26-945D-401F-AC61-DEE9DA1A6DAE}.vs2015_Release|x64.ActiveCfg = vs2015_Release|x64
		{B4958D26-945D-401F-AC61-DEE9DA1A6DAE}.vs2015_Release|x64.Build.0 = vs2015_Release|x64
		{B4958D26-945D-401F-AC61-DEE9DA1A6DAE}.vs2017_Debug|Win32.ActiveCfg = vs2017_Debug|Win32
		{B4958D26-945D-401F-AC61-DEE9DA1A6DAE}.vs2017_Debug|Win32.Build.0 = vs2017_Debug|Win32
		{B4958D26-945D-401F-AC61-DEE9DA1A6DAE}.vs2017_Debug|x64.ActiveCfg = vs2017_Debug|x64
		{B4958D26-945D-401F-AC61-DEE9DA1A6DAE}.vs2017_Debug|x64.Build.0 = vs2017_Debug|x64
		{B4958D26-945D-401F-AC61-DEE9DA1A6DAE}.vs2017_Release|Win32.ActiveCfg = vs2017_Release|Win32
		{B4958D26-945D-401F-AC61-DEE9DA1A6DAE}.vs2017_Release|Win32.Build.0 = vs2017_Release|Win32
		{B4958D26-945D-401F-AC61-DEE9DA1A6DAE}.vs2017_Release|x64.ActiveCfg = vs2017_Release|x64
		{B4958D26-945D-401F-AC61-DEE9DA1A6DAE}.vs2017_Release|x64.Build.0 = vs2017_Release|x64
		{12CFD6AD-8D96-4BE5-ABCD-0A22F4940B00}.Debug|Win32.ActiveCfg = Debug|Win32
		{12CFD6AD-8D96-4BE5-ABCD-0A22F4940B00}.Debug|Win32.Build.0 = Debug|Win32
		{12CFD6AD-8D96-4BE5-ABCD-0A22F4940B00}.Debug|x64.ActiveCfg = Debug|x64
		{12CFD6AD-8D96-4BE5-ABCD-0A22F4940B00}.Debug|x64.Build.0 = Debug|x64
		{12CFD6AD-8D96-4BE5-ABCD-0A22F4940B00}.Release|Win32.ActiveCfg = Release|Win32
		{12CFD6AD-8D96-4BE5-ABCD-0A22F4940B00}.Release|Win32.Build.0 = Release|Win32
		{12CFD6AD-8D96-4BE5-ABCD-0A22F4940B00}.Release|x64.ActiveCfg = Release|x64
		{12CFD6AD-8D96-4BE5-ABCD-0A22F4940B00}.Release|x64.Build.0 = Release|x64
		{12CFD6AD-8D96-4BE5-ABCD-0A22F4940B00}.vs2010_Debug|Win32.ActiveCfg = vs2010_Debug|Win32
		{12CFD6AD-8D96-4BE5-ABCD-0A22F4940B00}.vs2010_Debug|Win32.Build.0 = vs2010_Debug|Win32
		{12CFD6AD-8D96-4BE5-ABCD-0A22F4940B00}.vs2010_Debug|x64.ActiveCfg = vs2010_Debug|x64
		{12CFD6AD-8D96-4BE5-ABCD-0A22F4940B00}.vs2010_Debug|x64.Build.0 = vs2010_Debug|x64
		{12CFD6AD-8D96-4BE5-ABCD-0A22F4940B00}.vs2010_Release|Win32.ActiveCfg = vs2010_Release|Win32
		{12CFD6AD-8D96-4BE5-ABCD-0A22F4940B00}.vs2010_Release|Win32.Build.0 = vs2010_Release|Win32
		{12CFD6AD-8D96-4BE5-ABCD-0A22F4940B00}.vs2010_Release|x64.ActiveCfg = vs2010_Release|x64
		{12CFD6AD-8D96-4BE5-ABCD-0A22F4940B00}.vs2010_Release|x64.Build.0 = vs2010_Release|x64
		{12CFD6AD-8D96-4BE5-ABCD-0A22F4940B00}.vs2012_Debug|Win32.ActiveCfg = vs2012_Debug|Win32
		{12CFD6AD-8D96-4BE5-ABCD-0A22F4940B00}.vs2012_Debug|Win32.Build.0 = vs2012_Debug|Win32
		{12CFD6AD-8D96-4BE5-ABCD-0A22F4940B00}.vs2012_Debug|x64.ActiveCfg = vs2012_Debug|x64
		{12CFD6AD-8D96-4BE5-ABCD-0A22F4940B00}.vs2012_Debug|x64.Build.0 = vs2012_Debug|x64
		{12CFD6AD-8D96-4BE5-ABCD-0A22F4940B00}.vs2012_Release|Win32.ActiveCfg = vs2012_Release|Win32
		{12CFD6AD-8D96-4BE5-ABCD-0A22F4940B00}.vs2012_Release|Win32.Build.0 = vs2012_Release|Win32
		{12CFD6AD-8D96-4BE5-ABCD-0A22F4940B00}.vs2012_Release|x64.ActiveCfg = vs2012_Release|x64
		{12CFD6AD-8D96-4BE5-ABCD-0A22F4940B00}.vs2012_Release|x64.Build.0 = vs2012_Release|x64
		{12CFD6AD-8D96-4BE5-ABCD-0A22F4940B00}.vs2015_Debug|Win32.ActiveCfg = vs2015_Debug|Win32
		{12CFD6AD-8D96-4BE5-ABCD-0A22F4940B00}.vs2015_Debug|Win32.Build.0 = vs2015_Debug|Win32
		{12CFD6AD-8D96-4BE5-ABCD-0A22F4940B00}.vs2015_Debug|x64.ActiveCfg = vs2015_Debug|x64
		{12CFD6AD-8D96-4BE5-ABCD-0A22F4940B00}.vs2015_Debug|x64.Build.0 = vs2015_Debug|x64
		{12CFD6AD-8D96-4BE5-ABCD-0A22F4940B00}.vs2015_Release|Win32.ActiveCfg = vs2015_Release|Win32
		{12CFD6AD-8D96-4BE5-ABCD-0A22F4940B00}.vs2015_Release|Win32.Build.0 = vs2015_Release|Win32
		{12CFD6AD-8D96-4BE5-ABCD-0A22F4940B00}.vs2015_Release|x64.ActiveCfg = vs2015_Release|x64
		{12CFD6AD-8D96-4BE5-ABCD-0A22F4940B00}.vs2015_Release|x64.Build.0 = vs2015_Release|x64
		{12CFD6AD-8D96-4BE5-ABCD-0A22F4940B00}.vs2017_Debug|Win32.ActiveCfg = vs2017_Debug|Win32
		{12CFD6AD-8D96-4BE5-ABCD-0A22F4940B00}.vs2017_Debug|Win32.Build.0 = vs2017_Debug|Win32
		{12CFD6AD-8D96-4BE5-ABCD-0A22F4940B00}.vs2017_Debug|x64.ActiveCfg = vs2017_Debug|x64
		{12CFD6AD-8D96-4BE5-ABCD-0A22F4940B00}.vs2017_Debug|x64.Build.0 = vs2017_Debug|x64
		{12CFD6AD-8D96-4BE5-ABCD-0A22F4940B00}.vs2017_Release|Win32.ActiveCfg = vs2017_Release|Win32
		{12CFD6AD-8D96-4BE5-ABCD-0A22F4940B00}.vs2017_Release|Win32.Build.0 = vs2017_Release|Win32
		{12CFD6AD-8D96-4BE5-ABCD-0A22F4940B00}.vs2017_Release|x64.ActiveCfg = vs2017_Release|x64
		{12CFD6AD-8D96-4BE5-ABCD-0A22F4940B00}.vs2017_Release|x64.Build.0 = vs2017_Release|x64
	EndGlobalSection
	GlobalSection(SolutionProperties) = preSolution
		HideSolutionNode = FALSE
	EndGlobalSection
EndGlobal
